
Microsoft Visual Studio Solution File, Format Version 12.00
Project("{FAE04EC0-301F-11D3-BF4B-00C04F79EFBC}") = "GenericAssembler", "GenericAssembler\GenericAssembler.csproj", "{86D4FBEE-3E41-4737-AFEE-9EF07357FE33}"
EndProject
Project("{FAE04EC0-301F-11D3-BF4B-00C04F79EFBC}") = "GenericAssembler.Tests", "GenericAssembler.Tests\GenericAssembler.Tests.csproj", "{093DCCE3-DAE0-45DF-80EE-E79C6CCE3D8F}"
EndProject
Global
	GlobalSection(SolutionConfigurationPlatforms) = preSolution
		Debug|Any CPU = Debug|Any CPU
		Release|Any CPU = Release|Any CPU
	EndGlobalSection
	GlobalSection(ProjectConfigurationPlatforms) = postSolution
		{86D4FBEE-3E41-4737-AFEE-9EF07357FE33}.Debug|Any CPU.ActiveCfg = Debug|Any CPU
		{86D4FBEE-3E41-4737-AFEE-9EF07357FE33}.Debug|Any CPU.Build.0 = Debug|Any CPU
		{86D4FBEE-3E41-4737-AFEE-9EF07357FE33}.Release|Any CPU.ActiveCfg = Release|Any CPU
		{86D4FBEE-3E41-4737-AFEE-9EF07357FE33}.Release|Any CPU.Build.0 = Release|Any CPU
		{093DCCE3-DAE0-45DF-80EE-E79C6CCE3D8F}.Debug|Any CPU.ActiveCfg = Debug|Any CPU
		{093DCCE3-DAE0-45DF-80EE-E79C6CCE3D8F}.Debug|Any CPU.Build.0 = Debug|Any CPU
		{093DCCE3-DAE0-45DF-80EE-E79C6CCE3D8F}.Release|Any CPU.ActiveCfg = Release|Any CPU
		{093DCCE3-DAE0-45DF-80EE-E79C6CCE3D8F}.Release|Any CPU.Build.0 = Release|Any CPU
	EndGlobalSection
EndGlobal
